
Microsoft Visual Studio Solution File, Format Version 10.00
# Visual Studio 2008
Project("{8BC9CEB8-8B4A-11D0-8D11-00A0C91BC942}") = "mfcStep3", "mfcStep3.vcproj", "{056B40B7-FE2E-4B69-9028-BA5D0C2F2519}"
EndProject
Global
	GlobalSection(SolutionConfigurationPlatforms) = preSolution
		Debug|Win32 = Debug|Win32
		Release|Win32 = Release|Win32
	EndGlobalSection
	GlobalSection(ProjectConfigurationPlatforms) = postSolution
		{056B40B7-FE2E-4B69-9028-BA5D0C2F2519}.Debug|Win32.ActiveCfg = Debug|Win32
		{056B40B7-FE2E-4B69-9028-BA5D0C2F2519}.Debug|Win32.Build.0 = Debug|Win32
		{056B40B7-FE2E-4B69-9028-BA5D0C2F2519}.Release|Win32.ActiveCfg = Release|Win32
		{056B40B7-FE2E-4B69-9028-BA5D0C2F2519}.Release|Win32.Build.0 = Release|Win32
	EndGlobalSection
	GlobalSection(SolutionProperties) = preSolution
		HideSolutionNode = FALSE
	EndGlobalSection
EndGlobal
